
Microsoft Visual Studio Solution File, Format Version 12.00
# Visual Studio 2013
VisualStudioVersion = 12.0.40629.0
MinimumVisualStudioVersion = 10.0.40219.1
Project("{FAE04EC0-301F-11D3-BF4B-00C04F79EFBC}") = "PrismLaptopManager", "PrismLaptopManager\PrismLaptopManager.csproj", "{2216D011-4FF8-45C0-8EEF-01007B8CAAB3}"
EndProject
Project("{2150E333-8FDC-42A3-9474-1A3956D46DE8}") = "Modules", "Modules", "{461DB21F-2897-48C5-A00D-F1516CEB96FD}"
EndProject
Project("{FAE04EC0-301F-11D3-BF4B-00C04F79EFBC}") = "Toolbar", "ToolbarModule\Toolbar.csproj", "{0294ABF0-B125-4DBE-AA70-105E34C91EFE}"
EndProject
Project("{FAE04EC0-301F-11D3-BF4B-00C04F79EFBC}") = "AllLaptops", "AllLaptopsModule\AllLaptops.csproj", "{46F58DFD-174C-45C1-8FB7-B6743F176557}"
EndProject
Project("{FAE04EC0-301F-11D3-BF4B-00C04F79EFBC}") = "PoolLaptops", "PoolLaptopsModule\PoolLaptops.csproj", "{334CE698-C3DF-4005-9764-1721E68797A5}"
EndProject
Project("{FAE04EC0-301F-11D3-BF4B-00C04F79EFBC}") = "PrismLaptopManager.Infrastructure", "PrismLaptopManager.Infrastructure\PrismLaptopManager.Infrastructure.csproj", "{3FEF1A5C-A0D9-423F-A667-ECC3D389173F}"
EndProject
Project("{FAE04EC0-301F-11D3-BF4B-00C04F79EFBC}") = "Repository.Interface", "PrismLaptopManager.Repository\Repository.Interface.csproj", "{4D31B475-98BE-4313-84A0-A4A49D524A0E}"
EndProject
Project("{2150E333-8FDC-42A3-9474-1A3956D46DE8}") = "Repositories", "Repositories", "{22246FB4-CCB8-4ED9-ADEC-6C5873EB1214}"
EndProject
Project("{FAE04EC0-301F-11D3-BF4B-00C04F79EFBC}") = "Repository.Service", "LaptopRepository.Service\Repository.Service.csproj", "{8F25B235-2681-41A6-986F-947C8F1867B0}"
EndProject
Project("{2150E333-8FDC-42A3-9474-1A3956D46DE8}") = "Services", "Services", "{C55E519D-3517-449C-BE2D-C26FD5B93D38}"
EndProject
Project("{FAE04EC0-301F-11D3-BF4B-00C04F79EFBC}") = "Laptops.Service", "Laptops.Service\Laptops.Service.csproj", "{5174A56E-8C16-441E-85CA-83D61E1A018C}"
EndProject
Project("{FAE04EC0-301F-11D3-BF4B-00C04F79EFBC}") = "Statusbar", "Statusbar\Statusbar.csproj", "{820E6A65-D591-4579-B149-24FE7F20E34A}"
EndProject
Project("{FAE04EC0-301F-11D3-BF4B-00C04F79EFBC}") = "TransactionHistory", "TransactionHistory\TransactionHistory.csproj", "{E9F0AE4C-4955-4CA0-BD3A-BBB611DDE49A}"
EndProject
Project("{FAE04EC0-301F-11D3-BF4B-00C04F79EFBC}") = "SearchTextBox", "SearchTextBox\UIControls\SearchTextBox.csproj", "{A3082956-9EE4-4B35-9B4E-B07D0C4C8B56}"
EndProject
Global
	GlobalSection(SolutionConfigurationPlatforms) = preSolution
		Debug|Any CPU = Debug|Any CPU
		Release|Any CPU = Release|Any CPU
	EndGlobalSection
	GlobalSection(ProjectConfigurationPlatforms) = postSolution
		{2216D011-4FF8-45C0-8EEF-01007B8CAAB3}.Debug|Any CPU.ActiveCfg = Debug|Any CPU
		{2216D011-4FF8-45C0-8EEF-01007B8CAAB3}.Debug|Any CPU.Build.0 = Debug|Any CPU
		{2216D011-4FF8-45C0-8EEF-01007B8CAAB3}.Release|Any CPU.ActiveCfg = Release|Any CPU
		{2216D011-4FF8-45C0-8EEF-01007B8CAAB3}.Release|Any CPU.Build.0 = Release|Any CPU
		{0294ABF0-B125-4DBE-AA70-105E34C91EFE}.Debug|Any CPU.ActiveCfg = Debug|Any CPU
		{0294ABF0-B125-4DBE-AA70-105E34C91EFE}.Debug|Any CPU.Build.0 = Debug|Any CPU
		{0294ABF0-B125-4DBE-AA70-105E34C91EFE}.Release|Any CPU.ActiveCfg = Release|Any CPU
		{0294ABF0-B125-4DBE-AA70-105E34C91EFE}.Release|Any CPU.Build.0 = Release|Any CPU
		{46F58DFD-174C-45C1-8FB7-B6743F176557}.Debug|Any CPU.ActiveCfg = Debug|Any CPU
		{46F58DFD-174C-45C1-8FB7-B6743F176557}.Debug|Any CPU.Build.0 = Debug|Any CPU
		{46F58DFD-174C-45C1-8FB7-B6743F176557}.Release|Any CPU.ActiveCfg = Release|Any CPU
		{46F58DFD-174C-45C1-8FB7-B6743F176557}.Release|Any CPU.Build.0 = Release|Any CPU
		{334CE698-C3DF-4005-9764-1721E68797A5}.Debug|Any CPU.ActiveCfg = Debug|Any CPU
		{334CE698-C3DF-4005-9764-1721E68797A5}.Debug|Any CPU.Build.0 = Debug|Any CPU
		{334CE698-C3DF-4005-9764-1721E68797A5}.Release|Any CPU.ActiveCfg = Release|Any CPU
		{334CE698-C3DF-4005-9764-1721E68797A5}.Release|Any CPU.Build.0 = Release|Any CPU
		{3FEF1A5C-A0D9-423F-A667-ECC3D389173F}.Debug|Any CPU.ActiveCfg = Debug|Any CPU
		{3FEF1A5C-A0D9-423F-A667-ECC3D389173F}.Debug|Any CPU.Build.0 = Debug|Any CPU
		{3FEF1A5C-A0D9-423F-A667-ECC3D389173F}.Release|Any CPU.ActiveCfg = Release|Any CPU
		{3FEF1A5C-A0D9-423F-A667-ECC3D389173F}.Release|Any CPU.Build.0 = Release|Any CPU
		{4D31B475-98BE-4313-84A0-A4A49D524A0E}.Debug|Any CPU.ActiveCfg = Debug|Any CPU
		{4D31B475-98BE-4313-84A0-A4A49D524A0E}.Debug|Any CPU.Build.0 = Debug|Any CPU
		{4D31B475-98BE-4313-84A0-A4A49D524A0E}.Release|Any CPU.ActiveCfg = Release|Any CPU
		{4D31B475-98BE-4313-84A0-A4A49D524A0E}.Release|Any CPU.Build.0 = Release|Any CPU
		{8F25B235-2681-41A6-986F-947C8F1867B0}.Debug|Any CPU.ActiveCfg = Debug|Any CPU
		{8F25B235-2681-41A6-986F-947C8F1867B0}.Debug|Any CPU.Build.0 = Debug|Any CPU
		{8F25B235-2681-41A6-986F-947C8F1867B0}.Release|Any CPU.ActiveCfg = Release|Any CPU
		{8F25B235-2681-41A6-986F-947C8F1867B0}.Release|Any CPU.Build.0 = Release|Any CPU
		{5174A56E-8C16-441E-85CA-83D61E1A018C}.Debug|Any CPU.ActiveCfg = Debug|Any CPU
		{5174A56E-8C16-441E-85CA-83D61E1A018C}.Debug|Any CPU.Build.0 = Debug|Any CPU
		{5174A56E-8C16-441E-85CA-83D61E1A018C}.Release|Any CPU.ActiveCfg = Release|Any CPU
		{5174A56E-8C16-441E-85CA-83D61E1A018C}.Release|Any CPU.Build.0 = Release|Any CPU
		{820E6A65-D591-4579-B149-24FE7F20E34A}.Debug|Any CPU.ActiveCfg = Debug|Any CPU
		{820E6A65-D591-4579-B149-24FE7F20E34A}.Debug|Any CPU.Build.0 = Debug|Any CPU
		{820E6A65-D591-4579-B149-24FE7F20E34A}.Release|Any CPU.ActiveCfg = Release|Any CPU
		{820E6A65-D591-4579-B149-24FE7F20E34A}.Release|Any CPU.Build.0 = Release|Any CPU
		{E9F0AE4C-4955-4CA0-BD3A-BBB611DDE49A}.Debug|Any CPU.ActiveCfg = Debug|Any CPU
		{E9F0AE4C-4955-4CA0-BD3A-BBB611DDE49A}.Debug|Any CPU.Build.0 = Debug|Any CPU
		{E9F0AE4C-4955-4CA0-BD3A-BBB611DDE49A}.Release|Any CPU.ActiveCfg = Release|Any CPU
		{E9F0AE4C-4955-4CA0-BD3A-BBB611DDE49A}.Release|Any CPU.Build.0 = Release|Any CPU
		{A3082956-9EE4-4B35-9B4E-B07D0C4C8B56}.Debug|Any CPU.ActiveCfg = Debug|Any CPU
		{A3082956-9EE4-4B35-9B4E-B07D0C4C8B56}.Debug|Any CPU.Build.0 = Debug|Any CPU
		{A3082956-9EE4-4B35-9B4E-B07D0C4C8B56}.Release|Any CPU.ActiveCfg = Release|Any CPU
		{A3082956-9EE4-4B35-9B4E-B07D0C4C8B56}.Release|Any CPU.Build.0 = Release|Any CPU
	EndGlobalSection
	GlobalSection(SolutionProperties) = preSolution
		HideSolutionNode = FALSE
	EndGlobalSection
	GlobalSection(NestedProjects) = preSolution
		{0294ABF0-B125-4DBE-AA70-105E34C91EFE} = {461DB21F-2897-48C5-A00D-F1516CEB96FD}
		{46F58DFD-174C-45C1-8FB7-B6743F176557} = {461DB21F-2897-48C5-A00D-F1516CEB96FD}
		{334CE698-C3DF-4005-9764-1721E68797A5} = {461DB21F-2897-48C5-A00D-F1516CEB96FD}
		{4D31B475-98BE-4313-84A0-A4A49D524A0E} = {22246FB4-CCB8-4ED9-ADEC-6C5873EB1214}
		{8F25B235-2681-41A6-986F-947C8F1867B0} = {22246FB4-CCB8-4ED9-ADEC-6C5873EB1214}
		{5174A56E-8C16-441E-85CA-83D61E1A018C} = {C55E519D-3517-449C-BE2D-C26FD5B93D38}
		{820E6A65-D591-4579-B149-24FE7F20E34A} = {461DB21F-2897-48C5-A00D-F1516CEB96FD}
		{E9F0AE4C-4955-4CA0-BD3A-BBB611DDE49A} = {461DB21F-2897-48C5-A00D-F1516CEB96FD}
		{A3082956-9EE4-4B35-9B4E-B07D0C4C8B56} = {461DB21F-2897-48C5-A00D-F1516CEB96FD}
	EndGlobalSection
EndGlobal
